
Microsoft Visual Studio Solution File, Format Version 12.00
# Visual Studio Version 17
VisualStudioVersion = 17.2.32616.157
MinimumVisualStudioVersion = 10.0.40219.1
Project("{FAE04EC0-301F-11D3-BF4B-00C04F79EFBC}") = "Aula20240515Agenda", "Aula20240515Agenda.csproj", "{13452A04-E701-46A4-897A-A8C5CFBDB5C5}"
EndProject
Global
	GlobalSection(SolutionConfigurationPlatforms) = preSolution
		Debug|Any CPU = Debug|Any CPU
		Release|Any CPU = Release|Any CPU
	EndGlobalSection
	GlobalSection(ProjectConfigurationPlatforms) = postSolution
		{13452A04-E701-46A4-897A-A8C5CFBDB5C5}.Debug|Any CPU.ActiveCfg = Debug|Any CPU
		{13452A04-E701-46A4-897A-A8C5CFBDB5C5}.Debug|Any CPU.Build.0 = Debug|Any CPU
		{13452A04-E701-46A4-897A-A8C5CFBDB5C5}.Release|Any CPU.ActiveCfg = Release|Any CPU
		{13452A04-E701-46A4-897A-A8C5CFBDB5C5}.Release|Any CPU.Build.0 = Release|Any CPU
	EndGlobalSection
	GlobalSection(SolutionProperties) = preSolution
		HideSolutionNode = FALSE
	EndGlobalSection
	GlobalSection(ExtensibilityGlobals) = postSolution
		SolutionGuid = {E9274175-955F-48C9-85D4-0B3B4F045C5B}
	EndGlobalSection
EndGlobal
